// !$*UTF8*$!
{
	archiveVersion = 1;
	classes = {
	};
	objectVersion = 56;
	objects = {

/* Begin PBXBuildFile section */
		FE0FA28F2BDD1D1C008DFB14 /* 1.MP4 in Resources */ = {isa = PBXBuildFile; fileRef = FE0FA28E2BDD1D1C008DFB14 /* 1.MP4 */; };
		FE92070A2BDC6C1300A1B1B2 /* AppDelegate.swift in Sources */ = {isa = PBXBuildFile; fileRef = FE9207092BDC6C1300A1B1B2 /* AppDelegate.swift */; };
		FE92070C2BDC6C1300A1B1B2 /* SceneDelegate.swift in Sources */ = {isa = PBXBuildFile; fileRef = FE92070B2BDC6C1300A1B1B2 /* SceneDelegate.swift */; };
		FE9207142BDC6C1300A1B1B2 /* Reactivity.xcdatamodeld in Sources */ = {isa = PBXBuildFile; fileRef = FE9207122BDC6C1300A1B1B2 /* Reactivity.xcdatamodeld */; };
		FE9207162BDC6C1500A1B1B2 /* Assets.xcassets in Resources */ = {isa = PBXBuildFile; fileRef = FE9207152BDC6C1500A1B1B2 /* Assets.xcassets */; };
		FE9207192BDC6C1500A1B1B2 /* Base in Resources */ = {isa = PBXBuildFile; fileRef = FE9207182BDC6C1500A1B1B2 /* Base */; };
		FE92072C2BDC709000A1B1B2 /* VideoViewController.swift in Sources */ = {isa = PBXBuildFile; fileRef = FE92072B2BDC709000A1B1B2 /* VideoViewController.swift */; };
		FE92072E2BDC70D500A1B1B2 /* VideoModule.swift in Sources */ = {isa = PBXBuildFile; fileRef = FE92072D2BDC70D500A1B1B2 /* VideoModule.swift */; };
		FE9207302BDC723E00A1B1B2 /* VideoViewModel.swift in Sources */ = {isa = PBXBuildFile; fileRef = FE92072F2BDC723E00A1B1B2 /* VideoViewModel.swift */; };
		FE9207332BDC724E00A1B1B2 /* ViewModelProtocol.swift in Sources */ = {isa = PBXBuildFile; fileRef = FE9207322BDC724E00A1B1B2 /* ViewModelProtocol.swift */; };
		FE9207392BDC742800A1B1B2 /* IMG_2372.MP4 in Resources */ = {isa = PBXBuildFile; fileRef = FE9207382BDC742800A1B1B2 /* IMG_2372.MP4 */; };
		FE92074F2BDC778F00A1B1B2 /* CustomVideoPlayer.swift in Sources */ = {isa = PBXBuildFile; fileRef = FE92074E2BDC778F00A1B1B2 /* CustomVideoPlayer.swift */; };
		FEAC44722BDD69D400B7962D /* RxGesture in Frameworks */ = {isa = PBXBuildFile; productRef = FEAC44712BDD69D400B7962D /* RxGesture */; };
		FEAC44752BDD69E400B7962D /* RxBlocking in Frameworks */ = {isa = PBXBuildFile; productRef = FEAC44742BDD69E400B7962D /* RxBlocking */; };
		FEAC44772BDD69E400B7962D /* RxCocoa in Frameworks */ = {isa = PBXBuildFile; productRef = FEAC44762BDD69E400B7962D /* RxCocoa */; };
		FEAC44792BDD69E400B7962D /* RxRelay in Frameworks */ = {isa = PBXBuildFile; productRef = FEAC44782BDD69E400B7962D /* RxRelay */; };
		FEAC447C2BDD69F100B7962D /* SnapKit in Frameworks */ = {isa = PBXBuildFile; productRef = FEAC447B2BDD69F100B7962D /* SnapKit */; };
		FEAC447E2BDD69F100B7962D /* SnapKit-Dynamic in Frameworks */ = {isa = PBXBuildFile; productRef = FEAC447D2BDD69F100B7962D /* SnapKit-Dynamic */; };
/* End PBXBuildFile section */

/* Begin PBXCopyFilesBuildPhase section */
		FE9207492BDC774100A1B1B2 /* Embed Frameworks */ = {
			isa = PBXCopyFilesBuildPhase;
			buildActionMask = 2147483647;
			dstPath = "";
			dstSubfolderSpec = 10;
			files = (
			);
			name = "Embed Frameworks";
			runOnlyForDeploymentPostprocessing = 0;
		};
/* End PBXCopyFilesBuildPhase section */

/* Begin PBXFileReference section */
		FE0FA28E2BDD1D1C008DFB14 /* 1.MP4 */ = {isa = PBXFileReference; lastKnownFileType = file; path = 1.MP4; sourceTree = "<group>"; };
		FE9207062BDC6C1300A1B1B2 /* Reactivity.app */ = {isa = PBXFileReference; explicitFileType = wrapper.application; includeInIndex = 0; path = Reactivity.app; sourceTree = BUILT_PRODUCTS_DIR; };
		FE9207092BDC6C1300A1B1B2 /* AppDelegate.swift */ = {isa = PBXFileReference; lastKnownFileType = sourcecode.swift; path = AppDelegate.swift; sourceTree = "<group>"; };
		FE92070B2BDC6C1300A1B1B2 /* SceneDelegate.swift */ = {isa = PBXFileReference; lastKnownFileType = sourcecode.swift; path = SceneDelegate.swift; sourceTree = "<group>"; };
		FE9207132BDC6C1300A1B1B2 /* Reactivity.xcdatamodel */ = {isa = PBXFileReference; lastKnownFileType = wrapper.xcdatamodel; path = Reactivity.xcdatamodel; sourceTree = "<group>"; };
		FE9207152BDC6C1500A1B1B2 /* Assets.xcassets */ = {isa = PBXFileReference; lastKnownFileType = folder.assetcatalog; path = Assets.xcassets; sourceTree = "<group>"; };
		FE9207182BDC6C1500A1B1B2 /* Base */ = {isa = PBXFileReference; lastKnownFileType = file.storyboard; name = Base; path = Base.lproj/LaunchScreen.storyboard; sourceTree = "<group>"; };
		FE92071A2BDC6C1500A1B1B2 /* Info.plist */ = {isa = PBXFileReference; lastKnownFileType = text.plist.xml; path = Info.plist; sourceTree = "<group>"; };
		FE92072B2BDC709000A1B1B2 /* VideoViewController.swift */ = {isa = PBXFileReference; lastKnownFileType = sourcecode.swift; path = VideoViewController.swift; sourceTree = "<group>"; };
		FE92072D2BDC70D500A1B1B2 /* VideoModule.swift */ = {isa = PBXFileReference; lastKnownFileType = sourcecode.swift; path = VideoModule.swift; sourceTree = "<group>"; };
		FE92072F2BDC723E00A1B1B2 /* VideoViewModel.swift */ = {isa = PBXFileReference; lastKnownFileType = sourcecode.swift; path = VideoViewModel.swift; sourceTree = "<group>"; };
		FE9207322BDC724E00A1B1B2 /* ViewModelProtocol.swift */ = {isa = PBXFileReference; lastKnownFileType = sourcecode.swift; path = ViewModelProtocol.swift; sourceTree = "<group>"; };
		FE9207382BDC742800A1B1B2 /* IMG_2372.MP4 */ = {isa = PBXFileReference; lastKnownFileType = file; path = IMG_2372.MP4; sourceTree = "<group>"; };
		FE92074E2BDC778F00A1B1B2 /* CustomVideoPlayer.swift */ = {isa = PBXFileReference; lastKnownFileType = sourcecode.swift; path = CustomVideoPlayer.swift; sourceTree = "<group>"; };
/* End PBXFileReference section */

/* Begin PBXFrameworksBuildPhase section */
		FE9207032BDC6C1300A1B1B2 /* Frameworks */ = {
			isa = PBXFrameworksBuildPhase;
			buildActionMask = 2147483647;
			files = (
				FEAC44772BDD69E400B7962D /* RxCocoa in Frameworks */,
				FEAC44722BDD69D400B7962D /* RxGesture in Frameworks */,
				FEAC44792BDD69E400B7962D /* RxRelay in Frameworks */,
				FEAC44752BDD69E400B7962D /* RxBlocking in Frameworks */,
				FEAC447C2BDD69F100B7962D /* SnapKit in Frameworks */,
				FEAC447E2BDD69F100B7962D /* SnapKit-Dynamic in Frameworks */,
			);
			runOnlyForDeploymentPostprocessing = 0;
		};
/* End PBXFrameworksBuildPhase section */

/* Begin PBXGroup section */
		FE9206FD2BDC6C1300A1B1B2 = {
			isa = PBXGroup;
			children = (
				FE9207082BDC6C1300A1B1B2 /* Reactivity */,
				FE9207072BDC6C1300A1B1B2 /* Products */,
			);
			sourceTree = "<group>";
		};
		FE9207072BDC6C1300A1B1B2 /* Products */ = {
			isa = PBXGroup;
			children = (
				FE9207062BDC6C1300A1B1B2 /* Reactivity.app */,
			);
			name = Products;
			sourceTree = "<group>";
		};
		FE9207082BDC6C1300A1B1B2 /* Reactivity */ = {
			isa = PBXGroup;
			children = (
				FE92074D2BDC777100A1B1B2 /* CommonUI */,
				FE9207342BDC72B800A1B1B2 /* Mocks */,
				FE9207312BDC724300A1B1B2 /* Protocols */,
				FE9207292BDC706E00A1B1B2 /* Modules */,
				FE9207282BDC706200A1B1B2 /* App */,
				FE9207152BDC6C1500A1B1B2 /* Assets.xcassets */,
				FE9207172BDC6C1500A1B1B2 /* LaunchScreen.storyboard */,
				FE92071A2BDC6C1500A1B1B2 /* Info.plist */,
				FE9207122BDC6C1300A1B1B2 /* Reactivity.xcdatamodeld */,
			);
			path = Reactivity;
			sourceTree = "<group>";
		};
		FE9207282BDC706200A1B1B2 /* App */ = {
			isa = PBXGroup;
			children = (
				FE92070B2BDC6C1300A1B1B2 /* SceneDelegate.swift */,
				FE9207092BDC6C1300A1B1B2 /* AppDelegate.swift */,
			);
			path = App;
			sourceTree = "<group>";
		};
		FE9207292BDC706E00A1B1B2 /* Modules */ = {
			isa = PBXGroup;
			children = (
				FE92072A2BDC707600A1B1B2 /* Video */,
			);
			path = Modules;
			sourceTree = "<group>";
		};
		FE92072A2BDC707600A1B1B2 /* Video */ = {
			isa = PBXGroup;
			children = (
				FE92072B2BDC709000A1B1B2 /* VideoViewController.swift */,
				FE92072D2BDC70D500A1B1B2 /* VideoModule.swift */,
				FE92072F2BDC723E00A1B1B2 /* VideoViewModel.swift */,
			);
			path = Video;
			sourceTree = "<group>";
		};
		FE9207312BDC724300A1B1B2 /* Protocols */ = {
			isa = PBXGroup;
			children = (
				FE9207322BDC724E00A1B1B2 /* ViewModelProtocol.swift */,
			);
			path = Protocols;
			sourceTree = "<group>";
		};
		FE9207342BDC72B800A1B1B2 /* Mocks */ = {
			isa = PBXGroup;
			children = (
				FE0FA28E2BDD1D1C008DFB14 /* 1.MP4 */,
				FE9207382BDC742800A1B1B2 /* IMG_2372.MP4 */,
			);
			path = Mocks;
			sourceTree = "<group>";
		};
		FE92074D2BDC777100A1B1B2 /* CommonUI */ = {
			isa = PBXGroup;
			children = (
				FEAC44802BDD6A0700B7962D /* Buttons */,
				FEAC447F2BDD6A0000B7962D /* Player */,
			);
			path = CommonUI;
			sourceTree = "<group>";
		};
		FEAC447F2BDD6A0000B7962D /* Player */ = {
			isa = PBXGroup;
			children = (
				FE92074E2BDC778F00A1B1B2 /* CustomVideoPlayer.swift */,
			);
			path = Player;
			sourceTree = "<group>";
		};
		FEAC44802BDD6A0700B7962D /* Buttons */ = {
			isa = PBXGroup;
			children = (
			);
			path = Buttons;
			sourceTree = "<group>";
		};
/* End PBXGroup section */

/* Begin PBXNativeTarget section */
		FE9207052BDC6C1300A1B1B2 /* Reactivity */ = {
			isa = PBXNativeTarget;
			buildConfigurationList = FE92071D2BDC6C1500A1B1B2 /* Build configuration list for PBXNativeTarget "Reactivity" */;
			buildPhases = (
				FE9207022BDC6C1300A1B1B2 /* Sources */,
				FE9207032BDC6C1300A1B1B2 /* Frameworks */,
				FE9207042BDC6C1300A1B1B2 /* Resources */,
				FE9207492BDC774100A1B1B2 /* Embed Frameworks */,
			);
			buildRules = (
			);
			dependencies = (
			);
			name = Reactivity;
			packageProductDependencies = (
				FEAC44712BDD69D400B7962D /* RxGesture */,
				FEAC44742BDD69E400B7962D /* RxBlocking */,
				FEAC44762BDD69E400B7962D /* RxCocoa */,
				FEAC44782BDD69E400B7962D /* RxRelay */,
				FEAC447B2BDD69F100B7962D /* SnapKit */,
				FEAC447D2BDD69F100B7962D /* SnapKit-Dynamic */,
			);
			productName = Reactivity;
			productReference = FE9207062BDC6C1300A1B1B2 /* Reactivity.app */;
			productType = "com.apple.product-type.application";
		};
/* End PBXNativeTarget section */

/* Begin PBXProject section */
		FE9206FE2BDC6C1300A1B1B2 /* Project object */ = {
			isa = PBXProject;
			attributes = {
				BuildIndependentTargetsInParallel = 1;
				LastSwiftUpdateCheck = 1530;
				LastUpgradeCheck = 1530;
				TargetAttributes = {
					FE9207052BDC6C1300A1B1B2 = {
						CreatedOnToolsVersion = 15.3;
					};
				};
			};
			buildConfigurationList = FE9207012BDC6C1300A1B1B2 /* Build configuration list for PBXProject "Reactivity" */;
			compatibilityVersion = "Xcode 14.0";
			developmentRegion = en;
			hasScannedForEncodings = 0;
			knownRegions = (
				en,
				Base,
			);
			mainGroup = FE9206FD2BDC6C1300A1B1B2;
			packageReferences = (
				FEAC44702BDD69D400B7962D /* XCRemoteSwiftPackageReference "RxGesture" */,
				FEAC44732BDD69E400B7962D /* XCRemoteSwiftPackageReference "RxSwift" */,
				FEAC447A2BDD69F100B7962D /* XCRemoteSwiftPackageReference "SnapKit" */,
			);
			productRefGroup = FE9207072BDC6C1300A1B1B2 /* Products */;
			projectDirPath = "";
			projectRoot = "";
			targets = (
				FE9207052BDC6C1300A1B1B2 /* Reactivity */,
			);
		};
/* End PBXProject section */

/* Begin PBXResourcesBuildPhase section */
		FE9207042BDC6C1300A1B1B2 /* Resources */ = {
			isa = PBXResourcesBuildPhase;
			buildActionMask = 2147483647;
			files = (
				FE9207392BDC742800A1B1B2 /* IMG_2372.MP4 in Resources */,
				FE0FA28F2BDD1D1C008DFB14 /* 1.MP4 in Resources */,
				FE9207162BDC6C1500A1B1B2 /* Assets.xcassets in Resources */,
				FE9207192BDC6C1500A1B1B2 /* Base in Resources */,
			);
			runOnlyForDeploymentPostprocessing = 0;
		};
/* End PBXResourcesBuildPhase section */

/* Begin PBXSourcesBuildPhase section */
		FE9207022BDC6C1300A1B1B2 /* Sources */ = {
			isa = PBXSourcesBuildPhase;
			buildActionMask = 2147483647;
			files = (
				FE92070A2BDC6C1300A1B1B2 /* AppDelegate.swift in Sources */,
				FE92074F2BDC778F00A1B1B2 /* CustomVideoPlayer.swift in Sources */,
				FE92070C2BDC6C1300A1B1B2 /* SceneDelegate.swift in Sources */,
				FE92072E2BDC70D500A1B1B2 /* VideoModule.swift in Sources */,
				FE92072C2BDC709000A1B1B2 /* VideoViewController.swift in Sources */,
				FE9207332BDC724E00A1B1B2 /* ViewModelProtocol.swift in Sources */,
				FE9207302BDC723E00A1B1B2 /* VideoViewModel.swift in Sources */,
				FE9207142BDC6C1300A1B1B2 /* Reactivity.xcdatamodeld in Sources */,
			);
			runOnlyForDeploymentPostprocessing = 0;
		};
/* End PBXSourcesBuildPhase section */

/* Begin PBXVariantGroup section */
		FE9207172BDC6C1500A1B1B2 /* LaunchScreen.storyboard */ = {
			isa = PBXVariantGroup;
			children = (
				FE9207182BDC6C1500A1B1B2 /* Base */,
			);
			name = LaunchScreen.storyboard;
			sourceTree = "<group>";
		};
/* End PBXVariantGroup section */

/* Begin XCBuildConfiguration section */
		FE92071B2BDC6C1500A1B1B2 /* Debug */ = {
			isa = XCBuildConfiguration;
			buildSettings = {
				ALWAYS_SEARCH_USER_PATHS = NO;
				ASSETCATALOG_COMPILER_GENERATE_SWIFT_ASSET_SYMBOL_EXTENSIONS = YES;
				CLANG_ANALYZER_NONNULL = YES;
				CLANG_ANALYZER_NUMBER_OBJECT_CONVERSION = YES_AGGRESSIVE;
				CLANG_CXX_LANGUAGE_STANDARD = "gnu++20";
				CLANG_ENABLE_MODULES = YES;
				CLANG_ENABLE_OBJC_ARC = YES;
				CLANG_ENABLE_OBJC_WEAK = YES;
				CLANG_WARN_BLOCK_CAPTURE_AUTORELEASING = YES;
				CLANG_WARN_BOOL_CONVERSION = YES;
				CLANG_WARN_COMMA = YES;
				CLANG_WARN_CONSTANT_CONVERSION = YES;
				CLANG_WARN_DEPRECATED_OBJC_IMPLEMENTATIONS = YES;
				CLANG_WARN_DIRECT_OBJC_ISA_USAGE = YES_ERROR;
				CLANG_WARN_DOCUMENTATION_COMMENTS = YES;
				CLANG_WARN_EMPTY_BODY = YES;
				CLANG_WARN_ENUM_CONVERSION = YES;
				CLANG_WARN_INFINITE_RECURSION = YES;
				CLANG_WARN_INT_CONVERSION = YES;
				CLANG_WARN_NON_LITERAL_NULL_CONVERSION = YES;
				CLANG_WARN_OBJC_IMPLICIT_RETAIN_SELF = YES;
				CLANG_WARN_OBJC_LITERAL_CONVERSION = YES;
				CLANG_WARN_OBJC_ROOT_CLASS = YES_ERROR;
				CLANG_WARN_QUOTED_INCLUDE_IN_FRAMEWORK_HEADER = YES;
				CLANG_WARN_RANGE_LOOP_ANALYSIS = YES;
				CLANG_WARN_STRICT_PROTOTYPES = YES;
				CLANG_WARN_SUSPICIOUS_MOVE = YES;
				CLANG_WARN_UNGUARDED_AVAILABILITY = YES_AGGRESSIVE;
				CLANG_WARN_UNREACHABLE_CODE = YES;
				CLANG_WARN__DUPLICATE_METHOD_MATCH = YES;
				COPY_PHASE_STRIP = NO;
				DEBUG_INFORMATION_FORMAT = dwarf;
				ENABLE_STRICT_OBJC_MSGSEND = YES;
				ENABLE_TESTABILITY = YES;
				ENABLE_USER_SCRIPT_SANDBOXING = YES;
				GCC_C_LANGUAGE_STANDARD = gnu17;
				GCC_DYNAMIC_NO_PIC = NO;
				GCC_NO_COMMON_BLOCKS = YES;
				GCC_OPTIMIZATION_LEVEL = 0;
				GCC_PREPROCESSOR_DEFINITIONS = (
					"DEBUG=1",
					"$(inherited)",
				);
				GCC_WARN_64_TO_32_BIT_CONVERSION = YES;
				GCC_WARN_ABOUT_RETURN_TYPE = YES_ERROR;
				GCC_WARN_UNDECLARED_SELECTOR = YES;
				GCC_WARN_UNINITIALIZED_AUTOS = YES_AGGRESSIVE;
				GCC_WARN_UNUSED_FUNCTION = YES;
				GCC_WARN_UNUSED_VARIABLE = YES;
				IPHONEOS_DEPLOYMENT_TARGET = 17.4;
				LOCALIZATION_PREFERS_STRING_CATALOGS = YES;
				MTL_ENABLE_DEBUG_INFO = INCLUDE_SOURCE;
				MTL_FAST_MATH = YES;
				ONLY_ACTIVE_ARCH = YES;
				SDKROOT = iphoneos;
				SWIFT_ACTIVE_COMPILATION_CONDITIONS = "DEBUG $(inherited)";
				SWIFT_OPTIMIZATION_LEVEL = "-Onone";
			};
			name = Debug;
		};
		FE92071C2BDC6C1500A1B1B2 /* Release */ = {
			isa = XCBuildConfiguration;
			buildSettings = {
				ALWAYS_SEARCH_USER_PATHS = NO;
				ASSETCATALOG_COMPILER_GENERATE_SWIFT_ASSET_SYMBOL_EXTENSIONS = YES;
				CLANG_ANALYZER_NONNULL = YES;
				CLANG_ANALYZER_NUMBER_OBJECT_CONVERSION = YES_AGGRESSIVE;
				CLANG_CXX_LANGUAGE_STANDARD = "gnu++20";
				CLANG_ENABLE_MODULES = YES;
				CLANG_ENABLE_OBJC_ARC = YES;
				CLANG_ENABLE_OBJC_WEAK = YES;
				CLANG_WARN_BLOCK_CAPTURE_AUTORELEASING = YES;
				CLANG_WARN_BOOL_CONVERSION = YES;
				CLANG_WARN_COMMA = YES;
				CLANG_WARN_CONSTANT_CONVERSION = YES;
				CLANG_WARN_DEPRECATED_OBJC_IMPLEMENTATIONS = YES;
				CLANG_WARN_DIRECT_OBJC_ISA_USAGE = YES_ERROR;
				CLANG_WARN_DOCUMENTATION_COMMENTS = YES;
				CLANG_WARN_EMPTY_BODY = YES;
				CLANG_WARN_ENUM_CONVERSION = YES;
				CLANG_WARN_INFINITE_RECURSION = YES;
				CLANG_WARN_INT_CONVERSION = YES;
				CLANG_WARN_NON_LITERAL_NULL_CONVERSION = YES;
				CLANG_WARN_OBJC_IMPLICIT_RETAIN_SELF = YES;
				CLANG_WARN_OBJC_LITERAL_CONVERSION = YES;
				CLANG_WARN_OBJC_ROOT_CLASS = YES_ERROR;
				CLANG_WARN_QUOTED_INCLUDE_IN_FRAMEWORK_HEADER = YES;
				CLANG_WARN_RANGE_LOOP_ANALYSIS = YES;
				CLANG_WARN_STRICT_PROTOTYPES = YES;
				CLANG_WARN_SUSPICIOUS_MOVE = YES;
				CLANG_WARN_UNGUARDED_AVAILABILITY = YES_AGGRESSIVE;
				CLANG_WARN_UNREACHABLE_CODE = YES;
				CLANG_WARN__DUPLICATE_METHOD_MATCH = YES;
				COPY_PHASE_STRIP = NO;
				DEBUG_INFORMATION_FORMAT = "dwarf-with-dsym";
				ENABLE_NS_ASSERTIONS = NO;
				ENABLE_STRICT_OBJC_MSGSEND = YES;
				ENABLE_USER_SCRIPT_SANDBOXING = YES;
				GCC_C_LANGUAGE_STANDARD = gnu17;
				GCC_NO_COMMON_BLOCKS = YES;
				GCC_WARN_64_TO_32_BIT_CONVERSION = YES;
				GCC_WARN_ABOUT_RETURN_TYPE = YES_ERROR;
				GCC_WARN_UNDECLARED_SELECTOR = YES;
				GCC_WARN_UNINITIALIZED_AUTOS = YES_AGGRESSIVE;
				GCC_WARN_UNUSED_FUNCTION = YES;
				GCC_WARN_UNUSED_VARIABLE = YES;
				IPHONEOS_DEPLOYMENT_TARGET = 17.4;
				LOCALIZATION_PREFERS_STRING_CATALOGS = YES;
				MTL_ENABLE_DEBUG_INFO = NO;
				MTL_FAST_MATH = YES;
				SDKROOT = iphoneos;
				SWIFT_COMPILATION_MODE = wholemodule;
				VALIDATE_PRODUCT = YES;
			};
			name = Release;
		};
		FE92071E2BDC6C1500A1B1B2 /* Debug */ = {
			isa = XCBuildConfiguration;
			buildSettings = {
				ASSETCATALOG_COMPILER_APPICON_NAME = AppIcon;
				ASSETCATALOG_COMPILER_GLOBAL_ACCENT_COLOR_NAME = AccentColor;
				CODE_SIGN_STYLE = Automatic;
				CURRENT_PROJECT_VERSION = 1;
				DEVELOPMENT_TEAM = U49D7QC954;
				GENERATE_INFOPLIST_FILE = YES;
				INFOPLIST_FILE = Reactivity/Info.plist;
				INFOPLIST_KEY_UIApplicationSupportsIndirectInputEvents = YES;
				INFOPLIST_KEY_UILaunchStoryboardName = LaunchScreen;
				INFOPLIST_KEY_UISupportedInterfaceOrientations = UIInterfaceOrientationPortrait;
				INFOPLIST_KEY_UISupportedInterfaceOrientations_iPad = "UIInterfaceOrientationPortrait UIInterfaceOrientationPortraitUpsideDown";
				LD_RUNPATH_SEARCH_PATHS = (
					"$(inherited)",
					"@executable_path/Frameworks",
				);
				MARKETING_VERSION = 1.0;
				PRODUCT_BUNDLE_IDENTIFIER = com.danyxw.Reactivity;
				PRODUCT_NAME = "$(TARGET_NAME)";
				SUPPORTED_PLATFORMS = "iphoneos iphonesimulator";
				SUPPORTS_MACCATALYST = NO;
				SUPPORTS_MAC_DESIGNED_FOR_IPHONE_IPAD = NO;
				SUPPORTS_XR_DESIGNED_FOR_IPHONE_IPAD = NO;
				SWIFT_EMIT_LOC_STRINGS = YES;
				SWIFT_VERSION = 5.0;
				TARGETED_DEVICE_FAMILY = 1;
			};
			name = Debug;
		};
		FE92071F2BDC6C1500A1B1B2 /* Release */ = {
			isa = XCBuildConfiguration;
			buildSettings = {
				ASSETCATALOG_COMPILER_APPICON_NAME = AppIcon;
				ASSETCATALOG_COMPILER_GLOBAL_ACCENT_COLOR_NAME = AccentColor;
				CODE_SIGN_STYLE = Automatic;
				CURRENT_PROJECT_VERSION = 1;
				DEVELOPMENT_TEAM = U49D7QC954;
				GENERATE_INFOPLIST_FILE = YES;
				INFOPLIST_FILE = Reactivity/Info.plist;
				INFOPLIST_KEY_UIApplicationSupportsIndirectInputEvents = YES;
				INFOPLIST_KEY_UILaunchStoryboardName = LaunchScreen;
				INFOPLIST_KEY_UISupportedInterfaceOrientations = UIInterfaceOrientationPortrait;
				INFOPLIST_KEY_UISupportedInterfaceOrientations_iPad = "UIInterfaceOrientationPortrait UIInterfaceOrientationPortraitUpsideDown";
				LD_RUNPATH_SEARCH_PATHS = (
					"$(inherited)",
					"@executable_path/Frameworks",
				);
				MARKETING_VERSION = 1.0;
				PRODUCT_BUNDLE_IDENTIFIER = com.danyxw.Reactivity;
				PRODUCT_NAME = "$(TARGET_NAME)";
				SUPPORTED_PLATFORMS = "iphoneos iphonesimulator";
				SUPPORTS_MACCATALYST = NO;
				SUPPORTS_MAC_DESIGNED_FOR_IPHONE_IPAD = NO;
				SUPPORTS_XR_DESIGNED_FOR_IPHONE_IPAD = NO;
				SWIFT_EMIT_LOC_STRINGS = YES;
				SWIFT_VERSION = 5.0;
				TARGETED_DEVICE_FAMILY = 1;
			};
			name = Release;
		};
/* End XCBuildConfiguration section */

/* Begin XCConfigurationList section */
		FE9207012BDC6C1300A1B1B2 /* Build configuration list for PBXProject "Reactivity" */ = {
			isa = XCConfigurationList;
			buildConfigurations = (
				FE92071B2BDC6C1500A1B1B2 /* Debug */,
				FE92071C2BDC6C1500A1B1B2 /* Release */,
			);
			defaultConfigurationIsVisible = 0;
			defaultConfigurationName = Release;
		};
		FE92071D2BDC6C1500A1B1B2 /* Build configuration list for PBXNativeTarget "Reactivity" */ = {
			isa = XCConfigurationList;
			buildConfigurations = (
				FE92071E2BDC6C1500A1B1B2 /* Debug */,
				FE92071F2BDC6C1500A1B1B2 /* Release */,
			);
			defaultConfigurationIsVisible = 0;
			defaultConfigurationName = Release;
		};
/* End XCConfigurationList section */

/* Begin XCRemoteSwiftPackageReference section */
		FEAC44702BDD69D400B7962D /* XCRemoteSwiftPackageReference "RxGesture" */ = {
			isa = XCRemoteSwiftPackageReference;
			repositoryURL = "https://github.com/RxSwiftCommunity/RxGesture.git";
			requirement = {
				kind = exactVersion;
				version = 4.0.4;
			};
		};
		FEAC44732BDD69E400B7962D /* XCRemoteSwiftPackageReference "RxSwift" */ = {
			isa = XCRemoteSwiftPackageReference;
			repositoryURL = "https://github.com/ReactiveX/RxSwift.git";
			requirement = {
				kind = exactVersion;
				version = 6.7.0;
			};
		};
		FEAC447A2BDD69F100B7962D /* XCRemoteSwiftPackageReference "SnapKit" */ = {
			isa = XCRemoteSwiftPackageReference;
			repositoryURL = "https://github.com/SnapKit/SnapKit.git";
			requirement = {
				kind = exactVersion;
				version = 5.7.1;
			};
		};
/* End XCRemoteSwiftPackageReference section */

/* Begin XCSwiftPackageProductDependency section */
		FEAC44712BDD69D400B7962D /* RxGesture */ = {
			isa = XCSwiftPackageProductDependency;
			package = FEAC44702BDD69D400B7962D /* XCRemoteSwiftPackageReference "RxGesture" */;
			productName = RxGesture;
		};
		FEAC44742BDD69E400B7962D /* RxBlocking */ = {
			isa = XCSwiftPackageProductDependency;
			package = FEAC44732BDD69E400B7962D /* XCRemoteSwiftPackageReference "RxSwift" */;
			productName = RxBlocking;
		};
		FEAC44762BDD69E400B7962D /* RxCocoa */ = {
			isa = XCSwiftPackageProductDependency;
			package = FEAC44732BDD69E400B7962D /* XCRemoteSwiftPackageReference "RxSwift" */;
			productName = RxCocoa;
		};
		FEAC44782BDD69E400B7962D /* RxRelay */ = {
			isa = XCSwiftPackageProductDependency;
			package = FEAC44732BDD69E400B7962D /* XCRemoteSwiftPackageReference "RxSwift" */;
			productName = RxRelay;
		};
		FEAC447B2BDD69F100B7962D /* SnapKit */ = {
			isa = XCSwiftPackageProductDependency;
			package = FEAC447A2BDD69F100B7962D /* XCRemoteSwiftPackageReference "SnapKit" */;
			productName = SnapKit;
		};
		FEAC447D2BDD69F100B7962D /* SnapKit-Dynamic */ = {
			isa = XCSwiftPackageProductDependency;
			package = FEAC447A2BDD69F100B7962D /* XCRemoteSwiftPackageReference "SnapKit" */;
			productName = "SnapKit-Dynamic";
		};
/* End XCSwiftPackageProductDependency section */

/* Begin XCVersionGroup section */
		FE9207122BDC6C1300A1B1B2 /* Reactivity.xcdatamodeld */ = {
			isa = XCVersionGroup;
			children = (
				FE9207132BDC6C1300A1B1B2 /* Reactivity.xcdatamodel */,
			);
			currentVersion = FE9207132BDC6C1300A1B1B2 /* Reactivity.xcdatamodel */;
			path = Reactivity.xcdatamodeld;
			sourceTree = "<group>";
			versionGroupType = wrapper.xcdatamodel;
		};
/* End XCVersionGroup section */
	};
	rootObject = FE9206FE2BDC6C1300A1B1B2 /* Project object */;
}
